# Run ./gradlew writeVersionsLocks to regenerate this file. Blank lines are to minimize merge conflicts.

com.fasterxml.jackson.core:jackson-annotations:2.19.2 (11 constraints: 78c0c520)

com.fasterxml.jackson.core:jackson-core:2.19.2 (10 constraints: f5dfa507)

com.fasterxml.jackson.core:jackson-databind:2.19.2 (13 constraints: 7723aede)

com.fasterxml.jackson.dataformat:jackson-dataformat-cbor:2.19.2 (1 constraints: 841cada4)

com.fasterxml.jackson.dataformat:jackson-dataformat-smile:2.19.2 (1 constraints: 841cada4)

com.fasterxml.jackson.dataformat:jackson-dataformat-xml:2.19.2 (1 constraints: 3a1b2047)

com.fasterxml.jackson.datatype:jackson-datatype-guava:2.19.2 (1 constraints: 841cada4)

com.fasterxml.jackson.datatype:jackson-datatype-jdk8:2.19.2 (1 constraints: 841cada4)

com.fasterxml.jackson.datatype:jackson-datatype-joda:2.19.2 (1 constraints: 841cada4)

com.fasterxml.jackson.datatype:jackson-datatype-jsr310:2.19.2 (1 constraints: 841cada4)

com.fasterxml.woodstox:woodstox-core:7.1.1 (1 constraints: 3d174926)

com.google.code.findbugs:jsr305:3.0.2 (3 constraints: e830a05a)

com.google.errorprone:error_prone_annotations:2.40.0 (10 constraints: 749bb016)

com.google.guava:failureaccess:1.0.3 (1 constraints: 160ae3b4)

com.google.guava:guava:33.4.8-jre (8 constraints: 5ab03bf9)

com.google.guava:listenablefuture:9999.0-empty-to-avoid-conflict-with-guava (1 constraints: bd17c918)

com.google.j2objc:j2objc-annotations:3.0.0 (1 constraints: 150aeab4)

com.palantir.conjure.java:conjure-lib:8.53.0 (1 constraints: 861ccda4)

com.palantir.conjure.java.api:errors:2.62.0 (1 constraints: 2210a4a9)

com.palantir.conjure.java.runtime:conjure-java-jackson-optimizations:8.24.0 (1 constraints: 841cc4a4)

com.palantir.conjure.java.runtime:conjure-java-jackson-serialization:8.24.0 (1 constraints: 4005633b)

com.palantir.gradle.better-exec:better-exec:3.1.0 (1 constraints: 0605fd35)

com.palantir.gradle.failure-reports:gradle-failure-reports-common:1.13.0 (1 constraints: ed1c2cc2)

com.palantir.gradle.failure-reports:gradle-failure-reports-exceptions:1.13.0 (1 constraints: 4a129919)

com.palantir.gradle.utils:environment-variables:0.17.0 (1 constraints: 3a05383b)

com.palantir.gradle.utils:platform:0.10.0 (1 constraints: 46128a19)

com.palantir.ri:resource-identifier:2.11.0 (1 constraints: 1c108da9)

com.palantir.safe-logging:logger:3.9.0 (4 constraints: 4749a06c)

com.palantir.safe-logging:logger-slf4j:3.9.0 (1 constraints: 070e6e42)

com.palantir.safe-logging:logger-spi:3.9.0 (2 constraints: 1d1e0c7c)

com.palantir.safe-logging:preconditions:3.9.0 (9 constraints: 29a4ff47)

com.palantir.safe-logging:safe-logging:3.9.0 (9 constraints: 2e9b0f4c)

com.palantir.sls-packaging:gradle-recommended-product-dependencies:7.77.0 (1 constraints: 47057a3b)

com.palantir.sls.versions:sls-versions:1.8.0 (2 constraints: 5d20d6f5)

com.palantir.tokens:auth-tokens:3.18.0 (1 constraints: 2410a8a9)

com.palantir.tritium:tritium-ids:0.102.0 (1 constraints: f60f80a6)

com.palantir.tritium:tritium-registry:0.104.0 (1 constraints: ab1c39c1)

commons-io:commons-io:2.20.0 (1 constraints: 3605333b)

io.dropwizard.metrics:metrics-core:4.2.33 (2 constraints: 472d0397)

joda-time:joda-time:2.12.7 (1 constraints: 2f16b1f1)

net.bytebuddy:byte-buddy:1.17.7 (3 constraints: 081cd8f5)

org.apache.commons:commons-lang3:3.18.0 (1 constraints: 3e054d3b)

org.codehaus.woodstox:stax2-api:4.2.2 (2 constraints: 6a278bd2)

org.eclipse.collections:eclipse-collections:13.0.0 (1 constraints: 1c1091a9)

org.eclipse.collections:eclipse-collections-api:13.0.0 (2 constraints: fa22df26)

org.immutables:value:2.11.3 (2 constraints: 0015e8c1)

org.jetbrains:annotations:26.0.2 (3 constraints: e02f6235)

org.jspecify:jspecify:1.0.0 (3 constraints: f8291c20)

org.slf4j:slf4j-api:2.0.17 (4 constraints: 693e2975)



[Test dependencies]

cglib:cglib-nodep:3.2.2 (1 constraints: 490ded24)

com.netflix.nebula:nebula-test:10.6.2 (2 constraints: d61de72d)

com.palantir.gradle.plugintesting:configuration-cache-spec:0.11.0 (1 constraints: 3405263b)

com.palantir.gradle.plugintesting:plugin-testing-core:0.11.0 (1 constraints: 3405263b)

com.squareup.okhttp3:mockwebserver:4.12.0 (1 constraints: 3905413b)

com.squareup.okhttp3:okhttp:4.12.0 (1 constraints: 660fa27c)

com.squareup.okio:okio:3.6.0 (1 constraints: 530c38fd)

com.squareup.okio:okio-jvm:3.6.0 (1 constraints: 500ad3b9)

junit:junit:4.13.2 (4 constraints: 6d337d84)

net.bytebuddy:byte-buddy-agent:1.17.6 (1 constraints: 490b4dde)

org.apiguardian:apiguardian-api:1.1.2 (7 constraints: cc761de9)

org.assertj:assertj-core:3.27.4 (1 constraints: 4205523b)

org.codehaus.groovy:groovy:3.0.25 (3 constraints: 14347add)

org.hamcrest:hamcrest:2.2 (1 constraints: d20cdc04)

org.hamcrest:hamcrest-core:1.3 (1 constraints: cc05fe3f)

org.jetbrains.kotlin:kotlin-stdlib:1.9.10 (2 constraints: c2210fe1)

org.jetbrains.kotlin:kotlin-stdlib-common:1.9.10 (2 constraints: 3f1b4b83)

org.jetbrains.kotlin:kotlin-stdlib-jdk7:1.9.10 (1 constraints: e210ffd2)

org.jetbrains.kotlin:kotlin-stdlib-jdk8:1.9.10 (3 constraints: eb27efa7)

org.junit.jupiter:junit-jupiter:5.13.4 (1 constraints: 7e074077)

org.junit.jupiter:junit-jupiter-api:5.13.4 (4 constraints: be46df8d)

org.junit.jupiter:junit-jupiter-engine:5.13.4 (1 constraints: 3a0e0a4a)

org.junit.jupiter:junit-jupiter-params:5.13.4 (2 constraints: f82423fc)

org.junit.platform:junit-platform-commons:1.13.4 (2 constraints: 39219184)

org.junit.platform:junit-platform-engine:1.13.4 (4 constraints: 3441687d)

org.junit.platform:junit-platform-launcher:1.13.4 (1 constraints: 3b05363b)

org.junit.vintage:junit-vintage-engine:5.13.4 (1 constraints: 3f054e3b)

org.mockito:mockito-core:5.19.0 (1 constraints: 41055c3b)

org.objenesis:objenesis:3.4 (3 constraints: 451c50c1)

org.opentest4j:opentest4j:1.3.0 (2 constraints: cf209249)

org.spockframework:spock-core:2.3-groovy-3.0 (3 constraints: 2c3deb38)

org.spockframework:spock-junit4:2.3-groovy-3.0 (1 constraints: 7a1000b0)
