# Run ./gradlew --write-locks to regenerate this file
com.fasterxml.jackson:jackson-bom:2.12.5 (10 constraints: a9e366ce)
com.fasterxml.jackson.core:jackson-annotations:2.12.5 (9 constraints: a0b86131)
com.fasterxml.jackson.core:jackson-core:2.12.5 (12 constraints: a516d945)
com.fasterxml.jackson.core:jackson-databind:2.12.5 (11 constraints: 1c04c9c6)
com.fasterxml.jackson.dataformat:jackson-dataformat-cbor:2.12.5 (3 constraints: d447e962)
com.fasterxml.jackson.dataformat:jackson-dataformat-smile:2.12.5 (3 constraints: d447e962)
com.fasterxml.jackson.datatype:jackson-datatype-guava:2.12.5 (4 constraints: 55632718)
com.fasterxml.jackson.datatype:jackson-datatype-jdk8:2.12.5 (4 constraints: 55632718)
com.fasterxml.jackson.datatype:jackson-datatype-joda:2.12.5 (3 constraints: d447e962)
com.fasterxml.jackson.datatype:jackson-datatype-jsr310:2.12.5 (3 constraints: d447e962)
com.fasterxml.jackson.module:jackson-module-afterburner:2.12.5 (3 constraints: d447e962)
com.github.ben-manes.caffeine:caffeine:3.0.5 (4 constraints: a05dadad)
com.github.kevinstern:software-and-algorithms:1.0 (2 constraints: 16246655)
com.google.auto:auto-common:1.2 (2 constraints: 8b227dcb)
com.google.auto.service:auto-service-annotations:1.0.1 (7 constraints: 6872cee4)
com.google.auto.value:auto-value-annotations:1.7.4 (3 constraints: 1c3595c5)
com.google.code.findbugs:jFormatString:3.0.0 (2 constraints: e8220411)
com.google.code.findbugs:jsr305:3.0.2 (13 constraints: 9ce7a8f9)
com.google.errorprone:error_prone_annotation:2.10.0 (3 constraints: 553624ef)
com.google.errorprone:error_prone_annotations:2.11.0 (14 constraints: 01f936d9)
com.google.errorprone:error_prone_check_api:2.10.0 (2 constraints: 4823fc4e)
com.google.errorprone:error_prone_core:2.10.0 (2 constraints: 0a20b11c)
com.google.errorprone:error_prone_type_annotations:2.10.0 (2 constraints: 4823fc4e)
com.google.guava:failureaccess:1.0.1 (5 constraints: 03701943)
com.google.guava:guava:31.0.1-jre (9 constraints: fbbdbea4)
com.google.guava:listenablefuture:9999.0-empty-to-avoid-conflict-with-guava (5 constraints: 50b40497)
com.google.j2objc:j2objc-annotations:1.3 (5 constraints: 376e07fc)
com.google.protobuf:protobuf-java:3.4.0 (2 constraints: f022e811)
com.palantir.baseline:baseline-error-prone:4.67.0 (2 constraints: 78173f58)
com.palantir.conjure.java.runtime:conjure-java-jackson-optimizations:7.24.0 (1 constraints: 831cbea4)
com.palantir.conjure.java.runtime:conjure-java-jackson-serialization:7.24.0 (1 constraints: 3f055d3b)
com.palantir.safe-logging:logger:1.21.0 (4 constraints: 7f6546f1)
com.palantir.safe-logging:logger-slf4j:1.21.0 (4 constraints: bb629535)
com.palantir.safe-logging:logger-spi:1.21.0 (5 constraints: f972751a)
com.palantir.safe-logging:preconditions:1.21.0 (5 constraints: a8777dda)
com.palantir.safe-logging:safe-logging:1.21.0 (8 constraints: aca610dc)
com.palantir.sls-packaging:gradle-recommended-product-dependencies:7.17.0 (1 constraints: 4105623b)
com.palantir.sls.versions:sls-versions:1.4.0 (2 constraints: 58209bf4)
commons-io:commons-io:2.11.0 (2 constraints: d516b00f)
io.github.java-diff-utils:java-diff-utils:4.0 (2 constraints: 1c240b56)
joda-time:joda-time:2.10.13 (3 constraints: a24f3409)
net.bytebuddy:byte-buddy:1.12.7 (4 constraints: 0c3025c6)
net.bytebuddy:byte-buddy-agent:1.12.7 (2 constraints: 721d9c53)
org.apache.commons:commons-lang3:3.12.0 (3 constraints: e5328da8)
org.checkerframework:checker-qual:3.19.0 (6 constraints: 4e81cfba)
org.checkerframework:dataflow-errorprone:3.15.0 (3 constraints: 6736f3f2)
org.eclipse.jgit:org.eclipse.jgit:5.13.0.202109080827-r (2 constraints: b1299390)
org.immutables:value:2.9.0 (5 constraints: 206bca54)
org.mockito:mockito-core:4.3.1 (3 constraints: bb24ffde)
org.mockito:mockito-errorprone:4.3.1 (1 constraints: fc1105f9)
org.objenesis:objenesis:3.2 (5 constraints: b03a5a8d)
org.pcollections:pcollections:2.1.2 (2 constraints: ec226a11)
org.slf4j:slf4j-api:1.7.35 (9 constraints: abb6ff33)

[Test dependencies]
cglib:cglib-nodep:3.3.0 (2 constraints: 7a1acf3c)
com.netflix.nebula:nebula-test:10.0.0 (1 constraints: 3305273b)
com.squareup.okhttp3:mockwebserver:3.9.1 (1 constraints: 0f051636)
com.squareup.okhttp3:okhttp:3.14.1 (4 constraints: 8c4d9552)
com.squareup.okio:okio:1.17.2 (3 constraints: a145a24e)
junit:junit:4.13.2 (6 constraints: f3536a71)
org.assertj:assertj-core:3.22.0 (3 constraints: 9129f700)
org.bouncycastle:bcprov-jdk15on:1.50 (1 constraints: 070f005e)
org.codehaus.groovy:groovy:3.0.9 (3 constraints: 232d46e3)
org.hamcrest:hamcrest:2.2 (3 constraints: de29cb0a)
org.hamcrest:hamcrest-core:2.2 (2 constraints: 67173952)
org.jetbrains:annotations:20.1.0 (2 constraints: e52882bf)
org.junit:junit-bom:5.8.2 (11 constraints: 4fb29439)
org.junit.jupiter:junit-jupiter:5.8.2 (2 constraints: 260e7a59)
org.junit.jupiter:junit-jupiter-api:5.8.2 (4 constraints: 8b385c34)
org.junit.jupiter:junit-jupiter-engine:5.8.2 (2 constraints: 2117d23c)
org.junit.jupiter:junit-jupiter-params:5.8.2 (2 constraints: 2117d23c)
org.junit.platform:junit-platform-commons:1.8.2 (3 constraints: ee29ed2b)
org.junit.platform:junit-platform-engine:1.8.2 (4 constraints: 863c7bdc)
org.junit.platform:junit-platform-launcher:1.8.2 (2 constraints: 121b944a)
org.junit.platform:junit-platform-testkit:1.8.2 (1 constraints: 12097995)
org.junit.vintage:junit-vintage-engine:5.8.2 (2 constraints: 260e7a59)
org.opentest4j:opentest4j:1.2.0 (3 constraints: c53224a1)
org.ow2.asm:asm:9.2 (2 constraints: 7a1e3155)
org.spockframework:spock-core:2.0-groovy-3.0 (2 constraints: 3a22fdf5)
org.spockframework:spock-junit4:2.0-groovy-3.0 (1 constraints: 25115ddf)
