# Run ./gradlew --write-locks to regenerate this file
com.fasterxml.jackson.core:jackson-annotations:2.10.3 (4 constraints: 173f3de9)
com.fasterxml.jackson.core:jackson-core:2.10.3 (6 constraints: c884242c)
com.fasterxml.jackson.core:jackson-databind:2.10.3 (6 constraints: 809214ee)
com.fasterxml.jackson.dataformat:jackson-dataformat-cbor:2.10.3 (1 constraints: 7b1c92a4)
com.fasterxml.jackson.datatype:jackson-datatype-guava:2.10.3 (1 constraints: 7b1c92a4)
com.fasterxml.jackson.datatype:jackson-datatype-jdk8:2.10.3 (1 constraints: 7b1c92a4)
com.fasterxml.jackson.datatype:jackson-datatype-jsr310:2.10.3 (1 constraints: 7b1c92a4)
com.fasterxml.jackson.module:jackson-module-afterburner:2.10.3 (1 constraints: 7b1c92a4)
com.google.code.findbugs:jsr305:3.0.2 (2 constraints: 250fb786)
com.google.errorprone:error_prone_annotations:2.3.4 (3 constraints: 2520c71d)
com.google.guava:guava:23.6.1-jre (4 constraints: fb46a71f)
com.google.j2objc:j2objc-annotations:1.1 (1 constraints: b609eba0)
com.palantir.conjure.java.runtime:conjure-java-jackson-serialization:4.67.0 (1 constraints: 4305643b)
com.palantir.safe-logging:preconditions:1.13.0 (3 constraints: b948d474)
com.palantir.safe-logging:safe-logging:1.13.0 (2 constraints: 1e22f6cd)
com.palantir.sls-packaging:gradle-recommended-product-dependencies:4.7.0 (1 constraints: 0d051436)
com.palantir.sls.versions:sls-versions:0.12.0 (2 constraints: b420fd27)
org.checkerframework:checker-compat-qual:2.0.0 (1 constraints: 140ae5b4)
org.codehaus.mojo:animal-sniffer-annotations:1.14 (1 constraints: ea09d5aa)
org.immutables:value:2.8.3 (1 constraints: 0f051036)
org.slf4j:slf4j-api:1.7.30 (1 constraints: f41079c3)

[Test dependencies]
cglib:cglib-nodep:3.2.2 (1 constraints: 490ded24)
com.netflix.nebula:nebula-test:7.8.5 (1 constraints: 16052b36)
com.squareup.okhttp3:mockwebserver:3.9.1 (1 constraints: 0f051636)
com.squareup.okhttp3:okhttp:3.14.1 (2 constraints: 76145989)
com.squareup.okio:okio:1.17.2 (1 constraints: 850cc309)
commons-io:commons-io:2.6 (2 constraints: 961167e3)
junit:junit:4.13 (3 constraints: e720c04c)
net.bytebuddy:byte-buddy:1.10.5 (1 constraints: 410b37de)
net.bytebuddy:byte-buddy-agent:1.10.5 (1 constraints: 410b37de)
org.assertj:assertj-core:3.15.0 (1 constraints: 3b05443b)
org.bouncycastle:bcprov-jdk15on:1.50 (1 constraints: 070f005e)
org.hamcrest:hamcrest-core:1.3 (1 constraints: cc05fe3f)
org.mockito:mockito-core:3.3.1 (1 constraints: 09050436)
org.objenesis:objenesis:3.1 (3 constraints: 441c81c0)
org.spockframework:spock-core:1.3-groovy-2.4 (1 constraints: 7c10f3af)
